
Microsoft Visual Studio Solution File, Format Version 12.00
# Visual Studio 14
VisualStudioVersion = 14.0.25420.1
MinimumVisualStudioVersion = 10.0.40219.1
Project("{2150E333-8FDC-42A3-9474-1A3956D46DE8}") = "src", "src", "{95890732-30E8-49E0-860A-3772F7B816E2}"
EndProject
Project("{2150E333-8FDC-42A3-9474-1A3956D46DE8}") = "Solution Items", "Solution Items", "{0B0CA4AB-E67B-4EE5-97FD-65610543C22F}"
	ProjectSection(SolutionItems) = preProject
		global.json = global.json
	EndProjectSection
EndProject
Project("{8BB2217D-0F2D-49D1-97BC-3654ED321F3B}") = "Student.Models", "src\Student.Models\Student.Models.xproj", "{0466D5A8-81E4-41F4-A395-6373B60C4CEF}"
EndProject
Project("{8BB2217D-0F2D-49D1-97BC-3654ED321F3B}") = "Student.Collector", "src\Student.Collector\Student.Collector.xproj", "{D818ACF6-AAB1-425D-9CBC-A0B9B638A150}"
EndProject
Global
	GlobalSection(SolutionConfigurationPlatforms) = preSolution
		Debug|Any CPU = Debug|Any CPU
		Release|Any CPU = Release|Any CPU
	EndGlobalSection
	GlobalSection(ProjectConfigurationPlatforms) = postSolution
		{0466D5A8-81E4-41F4-A395-6373B60C4CEF}.Debug|Any CPU.ActiveCfg = Debug|Any CPU
		{0466D5A8-81E4-41F4-A395-6373B60C4CEF}.Debug|Any CPU.Build.0 = Debug|Any CPU
		{0466D5A8-81E4-41F4-A395-6373B60C4CEF}.Release|Any CPU.ActiveCfg = Release|Any CPU
		{0466D5A8-81E4-41F4-A395-6373B60C4CEF}.Release|Any CPU.Build.0 = Release|Any CPU
		{D818ACF6-AAB1-425D-9CBC-A0B9B638A150}.Debug|Any CPU.ActiveCfg = Debug|Any CPU
		{D818ACF6-AAB1-425D-9CBC-A0B9B638A150}.Debug|Any CPU.Build.0 = Debug|Any CPU
		{D818ACF6-AAB1-425D-9CBC-A0B9B638A150}.Release|Any CPU.ActiveCfg = Release|Any CPU
		{D818ACF6-AAB1-425D-9CBC-A0B9B638A150}.Release|Any CPU.Build.0 = Release|Any CPU
	EndGlobalSection
	GlobalSection(SolutionProperties) = preSolution
		HideSolutionNode = FALSE
	EndGlobalSection
	GlobalSection(NestedProjects) = preSolution
		{0466D5A8-81E4-41F4-A395-6373B60C4CEF} = {95890732-30E8-49E0-860A-3772F7B816E2}
		{D818ACF6-AAB1-425D-9CBC-A0B9B638A150} = {95890732-30E8-49E0-860A-3772F7B816E2}
	EndGlobalSection
EndGlobal
